
Microsoft Visual Studio Solution File, Format Version 12.00
# Visual Studio Version 17
VisualStudioVersion = 17.10.35122.118
MinimumVisualStudioVersion = 10.0.40219.1
Project("{FAE04EC0-301F-11D3-BF4B-00C04F79EFBC}") = "Net7WebApi2GitHub7a", "Net7WebApi2GitHub7a.csproj", "{37DE284F-1663-4408-8A3F-2CBF245663A3}"
EndProject
Global
	GlobalSection(SolutionConfigurationPlatforms) = preSolution
		Debug|Any CPU = Debug|Any CPU
		Release|Any CPU = Release|Any CPU
	EndGlobalSection
	GlobalSection(ProjectConfigurationPlatforms) = postSolution
		{37DE284F-1663-4408-8A3F-2CBF245663A3}.Debug|Any CPU.ActiveCfg = Debug|Any CPU
		{37DE284F-1663-4408-8A3F-2CBF245663A3}.Debug|Any CPU.Build.0 = Debug|Any CPU
		{37DE284F-1663-4408-8A3F-2CBF245663A3}.Release|Any CPU.ActiveCfg = Release|Any CPU
		{37DE284F-1663-4408-8A3F-2CBF245663A3}.Release|Any CPU.Build.0 = Release|Any CPU
	EndGlobalSection
	GlobalSection(SolutionProperties) = preSolution
		HideSolutionNode = FALSE
	EndGlobalSection
	GlobalSection(ExtensibilityGlobals) = postSolution
		SolutionGuid = {A9163487-EEE2-42BA-AFBA-54C50C9D0BB7}
	EndGlobalSection
EndGlobal
